
Microsoft Visual Studio Solution File, Format Version 12.00
# Visual Studio 2013
VisualStudioVersion = 12.0.30501.0
MinimumVisualStudioVersion = 10.0.40219.1
Project("{8BC9CEB8-8B4A-11D0-8D11-00A0C91BC942}") = "树test", "树test\树test.vcxproj", "{85048C85-FD79-4CED-86BA-50F27AC6837A}"
EndProject
Global
	GlobalSection(SolutionConfigurationPlatforms) = preSolution
		Debug|Win32 = Debug|Win32
		Release|Win32 = Release|Win32
	EndGlobalSection
	GlobalSection(ProjectConfigurationPlatforms) = postSolution
		{85048C85-FD79-4CED-86BA-50F27AC6837A}.Debug|Win32.ActiveCfg = Debug|Win32
		{85048C85-FD79-4CED-86BA-50F27AC6837A}.Debug|Win32.Build.0 = Debug|Win32
		{85048C85-FD79-4CED-86BA-50F27AC6837A}.Release|Win32.ActiveCfg = Release|Win32
		{85048C85-FD79-4CED-86BA-50F27AC6837A}.Release|Win32.Build.0 = Release|Win32
	EndGlobalSection
	GlobalSection(SolutionProperties) = preSolution
		HideSolutionNode = FALSE
	EndGlobalSection
EndGlobal
